
Microsoft Visual Studio Solution File, Format Version 12.00
# Visual Studio Version 16
VisualStudioVersion = 16.0.30523.141
MinimumVisualStudioVersion = 10.0.40219.1
Project("{9A19103F-16F7-4668-BE54-9A1E7A4F7556}") = "API", "API.csproj", "{28393ECD-D01A-47C2-8CE3-7B237D0022B0}"
EndProject
Global
	GlobalSection(SolutionConfigurationPlatforms) = preSolution
		Debug|Any CPU = Debug|Any CPU
		Release|Any CPU = Release|Any CPU
	EndGlobalSection
	GlobalSection(ProjectConfigurationPlatforms) = postSolution
		{28393ECD-D01A-47C2-8CE3-7B237D0022B0}.Debug|Any CPU.ActiveCfg = Debug|Any CPU
		{28393ECD-D01A-47C2-8CE3-7B237D0022B0}.Debug|Any CPU.Build.0 = Debug|Any CPU
		{28393ECD-D01A-47C2-8CE3-7B237D0022B0}.Release|Any CPU.ActiveCfg = Release|Any CPU
		{28393ECD-D01A-47C2-8CE3-7B237D0022B0}.Release|Any CPU.Build.0 = Release|Any CPU
	EndGlobalSection
	GlobalSection(SolutionProperties) = preSolution
		HideSolutionNode = FALSE
	EndGlobalSection
	GlobalSection(ExtensibilityGlobals) = postSolution
		SolutionGuid = {FEB44BC5-6A1F-447F-8136-9AE09E717EE0}
	EndGlobalSection
EndGlobal
